
Microsoft Visual Studio Solution File, Format Version 12.00
# Visual Studio Version 17
VisualStudioVersion = 17.1.32328.378
MinimumVisualStudioVersion = 10.0.40219.1
Project("{9A19103F-16F7-4668-BE54-9A1E7A4F7556}") = "ApiEmulardorCLiente", "ApiEmulardorCLiente\ApiEmulardorCLiente.csproj", "{B0A68823-68D6-4B22-84B2-DCB108EEC514}"
EndProject
Project("{9A19103F-16F7-4668-BE54-9A1E7A4F7556}") = "ApiEmulardorCLiente.Core", "ApiEmulardorCLiente.Core\ApiEmulardorCLiente.Core.csproj", "{5620A4FF-EECA-44E2-B12B-03E6EBFBD558}"
EndProject
Global
	GlobalSection(SolutionConfigurationPlatforms) = preSolution
		Debug|Any CPU = Debug|Any CPU
		Release|Any CPU = Release|Any CPU
	EndGlobalSection
	GlobalSection(ProjectConfigurationPlatforms) = postSolution
		{B0A68823-68D6-4B22-84B2-DCB108EEC514}.Debug|Any CPU.ActiveCfg = Debug|Any CPU
		{B0A68823-68D6-4B22-84B2-DCB108EEC514}.Debug|Any CPU.Build.0 = Debug|Any CPU
		{B0A68823-68D6-4B22-84B2-DCB108EEC514}.Release|Any CPU.ActiveCfg = Release|Any CPU
		{B0A68823-68D6-4B22-84B2-DCB108EEC514}.Release|Any CPU.Build.0 = Release|Any CPU
		{5620A4FF-EECA-44E2-B12B-03E6EBFBD558}.Debug|Any CPU.ActiveCfg = Debug|Any CPU
		{5620A4FF-EECA-44E2-B12B-03E6EBFBD558}.Debug|Any CPU.Build.0 = Debug|Any CPU
		{5620A4FF-EECA-44E2-B12B-03E6EBFBD558}.Release|Any CPU.ActiveCfg = Release|Any CPU
		{5620A4FF-EECA-44E2-B12B-03E6EBFBD558}.Release|Any CPU.Build.0 = Release|Any CPU
	EndGlobalSection
	GlobalSection(SolutionProperties) = preSolution
		HideSolutionNode = FALSE
	EndGlobalSection
	GlobalSection(ExtensibilityGlobals) = postSolution
		SolutionGuid = {04ADEDA5-065A-4F55-81C7-F5FAB15D66DE}
	EndGlobalSection
EndGlobal
